
Microsoft Visual Studio Solution File, Format Version 12.00
# Visual Studio 15
VisualStudioVersion = 15.0.26730.16
MinimumVisualStudioVersion = 10.0.40219.1
Project("{9A19103F-16F7-4668-BE54-9A1E7A4F7556}") = "PatchalyzerCore", "Core\PatchalyzerCore.csproj", "{AA11DAE3-86C1-4AED-9FB8-A35A6B27105B}"
EndProject
Project("{9A19103F-16F7-4668-BE54-9A1E7A4F7556}") = "PatchalyzerConsoleClient", "ConsoleClient\PatchalyzerConsoleClient.csproj", "{E8CDD4E0-31F6-4B52-B079-13F08F1FAB24}"
EndProject
Global
	GlobalSection(SolutionConfigurationPlatforms) = preSolution
		Debug|Any CPU = Debug|Any CPU
		Release|Any CPU = Release|Any CPU
	EndGlobalSection
	GlobalSection(ProjectConfigurationPlatforms) = postSolution
		{AA11DAE3-86C1-4AED-9FB8-A35A6B27105B}.Debug|Any CPU.ActiveCfg = Debug|Any CPU
		{AA11DAE3-86C1-4AED-9FB8-A35A6B27105B}.Debug|Any CPU.Build.0 = Debug|Any CPU
		{AA11DAE3-86C1-4AED-9FB8-A35A6B27105B}.Release|Any CPU.ActiveCfg = Release|Any CPU
		{AA11DAE3-86C1-4AED-9FB8-A35A6B27105B}.Release|Any CPU.Build.0 = Release|Any CPU
		{E8CDD4E0-31F6-4B52-B079-13F08F1FAB24}.Debug|Any CPU.ActiveCfg = Debug|Any CPU
		{E8CDD4E0-31F6-4B52-B079-13F08F1FAB24}.Debug|Any CPU.Build.0 = Debug|Any CPU
		{E8CDD4E0-31F6-4B52-B079-13F08F1FAB24}.Release|Any CPU.ActiveCfg = Release|Any CPU
		{E8CDD4E0-31F6-4B52-B079-13F08F1FAB24}.Release|Any CPU.Build.0 = Release|Any CPU
	EndGlobalSection
	GlobalSection(SolutionProperties) = preSolution
		HideSolutionNode = FALSE
	EndGlobalSection
	GlobalSection(ExtensibilityGlobals) = postSolution
		SolutionGuid = {86D59F5B-BE39-4FBD-8F27-92FEC81279BC}
	EndGlobalSection
EndGlobal
